
Microsoft Visual Studio Solution File, Format Version 12.00
# Visual Studio Version 17
VisualStudioVersion = 17.14.36518.9 d17.14
MinimumVisualStudioVersion = 10.0.40219.1
Project("{FAE04EC0-301F-11D3-BF4B-00C04F79EFBC}") = "07-HeapStackRefOutArraySize", "07-HeapStackRefOutArraySize.csproj", "{BB096D9C-B249-415C-A9F0-48EBC9B17059}"
EndProject
Global
	GlobalSection(SolutionConfigurationPlatforms) = preSolution
		Debug|Any CPU = Debug|Any CPU
		Release|Any CPU = Release|Any CPU
	EndGlobalSection
	GlobalSection(ProjectConfigurationPlatforms) = postSolution
		{BB096D9C-B249-415C-A9F0-48EBC9B17059}.Debug|Any CPU.ActiveCfg = Debug|Any CPU
		{BB096D9C-B249-415C-A9F0-48EBC9B17059}.Debug|Any CPU.Build.0 = Debug|Any CPU
		{BB096D9C-B249-415C-A9F0-48EBC9B17059}.Release|Any CPU.ActiveCfg = Release|Any CPU
		{BB096D9C-B249-415C-A9F0-48EBC9B17059}.Release|Any CPU.Build.0 = Release|Any CPU
	EndGlobalSection
	GlobalSection(SolutionProperties) = preSolution
		HideSolutionNode = FALSE
	EndGlobalSection
	GlobalSection(ExtensibilityGlobals) = postSolution
		SolutionGuid = {C8CD5ECA-99DF-4848-8A77-785B47C48359}
	EndGlobalSection
EndGlobal
